
Microsoft Visual Studio Solution File, Format Version 12.00
# Visual Studio Version 16
VisualStudioVersion = 16.0.31025.194
MinimumVisualStudioVersion = 10.0.40219.1
Project("{FAE04EC0-301F-11D3-BF4B-00C04F79EFBC}") = "作业2_1", "作业2_1\作业2_1.csproj", "{AD477EB8-2C24-41CE-8564-5E7CF590C989}"
EndProject
Global
	GlobalSection(SolutionConfigurationPlatforms) = preSolution
		Debug|Any CPU = Debug|Any CPU
		Release|Any CPU = Release|Any CPU
	EndGlobalSection
	GlobalSection(ProjectConfigurationPlatforms) = postSolution
		{AD477EB8-2C24-41CE-8564-5E7CF590C989}.Debug|Any CPU.ActiveCfg = Debug|Any CPU
		{AD477EB8-2C24-41CE-8564-5E7CF590C989}.Debug|Any CPU.Build.0 = Debug|Any CPU
		{AD477EB8-2C24-41CE-8564-5E7CF590C989}.Release|Any CPU.ActiveCfg = Release|Any CPU
		{AD477EB8-2C24-41CE-8564-5E7CF590C989}.Release|Any CPU.Build.0 = Release|Any CPU
	EndGlobalSection
	GlobalSection(SolutionProperties) = preSolution
		HideSolutionNode = FALSE
	EndGlobalSection
	GlobalSection(ExtensibilityGlobals) = postSolution
		SolutionGuid = {970B9791-8948-4E21-8708-DDFD4A82584C}
	EndGlobalSection
EndGlobal
