
Microsoft Visual Studio Solution File, Format Version 12.00
# Visual Studio Version 16
VisualStudioVersion = 16.0.31025.194
MinimumVisualStudioVersion = 10.0.40219.1
Project("{FAE04EC0-301F-11D3-BF4B-00C04F79EFBC}") = "作业9_1", "作业9_1\作业9_1.csproj", "{33588FA4-D5AF-463B-A927-4345449A96B9}"
EndProject
Global
	GlobalSection(SolutionConfigurationPlatforms) = preSolution
		Debug|Any CPU = Debug|Any CPU
		Release|Any CPU = Release|Any CPU
	EndGlobalSection
	GlobalSection(ProjectConfigurationPlatforms) = postSolution
		{33588FA4-D5AF-463B-A927-4345449A96B9}.Debug|Any CPU.ActiveCfg = Debug|Any CPU
		{33588FA4-D5AF-463B-A927-4345449A96B9}.Debug|Any CPU.Build.0 = Debug|Any CPU
		{33588FA4-D5AF-463B-A927-4345449A96B9}.Release|Any CPU.ActiveCfg = Release|Any CPU
		{33588FA4-D5AF-463B-A927-4345449A96B9}.Release|Any CPU.Build.0 = Release|Any CPU
	EndGlobalSection
	GlobalSection(SolutionProperties) = preSolution
		HideSolutionNode = FALSE
	EndGlobalSection
	GlobalSection(ExtensibilityGlobals) = postSolution
		SolutionGuid = {21D34188-2087-4232-8E0B-097E6490C78E}
	EndGlobalSection
EndGlobal
