
Microsoft Visual Studio Solution File, Format Version 12.00
# Visual Studio Version 16
VisualStudioVersion = 16.0.31025.194
MinimumVisualStudioVersion = 10.0.40219.1
Project("{FAE04EC0-301F-11D3-BF4B-00C04F79EFBC}") = "作业3_2", "作业3_2\作业3_2.csproj", "{3A829686-92CB-413F-B849-7ADB1CBFDC35}"
EndProject
Global
	GlobalSection(SolutionConfigurationPlatforms) = preSolution
		Debug|Any CPU = Debug|Any CPU
		Release|Any CPU = Release|Any CPU
	EndGlobalSection
	GlobalSection(ProjectConfigurationPlatforms) = postSolution
		{3A829686-92CB-413F-B849-7ADB1CBFDC35}.Debug|Any CPU.ActiveCfg = Debug|Any CPU
		{3A829686-92CB-413F-B849-7ADB1CBFDC35}.Debug|Any CPU.Build.0 = Debug|Any CPU
		{3A829686-92CB-413F-B849-7ADB1CBFDC35}.Release|Any CPU.ActiveCfg = Release|Any CPU
		{3A829686-92CB-413F-B849-7ADB1CBFDC35}.Release|Any CPU.Build.0 = Release|Any CPU
	EndGlobalSection
	GlobalSection(SolutionProperties) = preSolution
		HideSolutionNode = FALSE
	EndGlobalSection
	GlobalSection(ExtensibilityGlobals) = postSolution
		SolutionGuid = {2207EA29-5290-4CD1-BC2D-27374438ADF0}
	EndGlobalSection
EndGlobal
