
Microsoft Visual Studio Solution File, Format Version 12.00
# Visual Studio Version 16
VisualStudioVersion = 16.0.31025.194
MinimumVisualStudioVersion = 10.0.40219.1
Project("{FAE04EC0-301F-11D3-BF4B-00C04F79EFBC}") = "作业4_2", "作业4_2\作业4_2.csproj", "{C358649B-186A-458B-BB1E-141FF39DAE42}"
EndProject
Global
	GlobalSection(SolutionConfigurationPlatforms) = preSolution
		Debug|Any CPU = Debug|Any CPU
		Release|Any CPU = Release|Any CPU
	EndGlobalSection
	GlobalSection(ProjectConfigurationPlatforms) = postSolution
		{C358649B-186A-458B-BB1E-141FF39DAE42}.Debug|Any CPU.ActiveCfg = Debug|Any CPU
		{C358649B-186A-458B-BB1E-141FF39DAE42}.Debug|Any CPU.Build.0 = Debug|Any CPU
		{C358649B-186A-458B-BB1E-141FF39DAE42}.Release|Any CPU.ActiveCfg = Release|Any CPU
		{C358649B-186A-458B-BB1E-141FF39DAE42}.Release|Any CPU.Build.0 = Release|Any CPU
	EndGlobalSection
	GlobalSection(SolutionProperties) = preSolution
		HideSolutionNode = FALSE
	EndGlobalSection
	GlobalSection(ExtensibilityGlobals) = postSolution
		SolutionGuid = {5D817DF5-B461-4775-8A7D-94FF0C2A8DCF}
	EndGlobalSection
EndGlobal
